// !$*UTF8*$!
{
	archiveVersion = 1;
	classes = {
	};
	objectVersion = 45;
	objects = {

/* Begin PBXBuildFile section */
		150B347D15C244B10051DB06 /* LuckySprite.cpp in Sources */ = {isa = PBXBuildFile; fileRef = 150B347B15C244B10051DB06 /* LuckySprite.cpp */; };
		155CC53215B92C2E00CE449D /* DictDataManager.cpp in Sources */ = {isa = PBXBuildFile; fileRef = 155CC53115B92C2E00CE449D /* DictDataManager.cpp */; };
		15AAE32A15B6894100F0CF5E /* json_internalarray.inl in Resources */ = {isa = PBXBuildFile; fileRef = 15AAE32315B6894100F0CF5E /* json_internalarray.inl */; };
		15AAE32B15B6894100F0CF5E /* json_internalmap.inl in Resources */ = {isa = PBXBuildFile; fileRef = 15AAE32415B6894100F0CF5E /* json_internalmap.inl */; };
		15AAE32C15B6894100F0CF5E /* json_reader.cpp in Sources */ = {isa = PBXBuildFile; fileRef = 15AAE32515B6894100F0CF5E /* json_reader.cpp */; };
		15AAE32D15B6894100F0CF5E /* json_value.cpp in Sources */ = {isa = PBXBuildFile; fileRef = 15AAE32615B6894100F0CF5E /* json_value.cpp */; };
		15AAE32E15B6894100F0CF5E /* json_valueiterator.inl in Resources */ = {isa = PBXBuildFile; fileRef = 15AAE32715B6894100F0CF5E /* json_valueiterator.inl */; };
		15AAE32F15B6894100F0CF5E /* json_writer.cpp in Sources */ = {isa = PBXBuildFile; fileRef = 15AAE32815B6894100F0CF5E /* json_writer.cpp */; };
		15AAE33015B6894100F0CF5E /* sconscript in Resources */ = {isa = PBXBuildFile; fileRef = 15AAE32915B6894100F0CF5E /* sconscript */; };
		15AAE33B15B68FF000F0CF5E /* config in Resources */ = {isa = PBXBuildFile; fileRef = 15AAE33A15B68FF000F0CF5E /* config */; };
		15AAE34D15B6A38300F0CF5E /* CoverScene.cpp in Sources */ = {isa = PBXBuildFile; fileRef = 15AAE34B15B6A38300F0CF5E /* CoverScene.cpp */; };
		15AAE35515B6B6DB00F0CF5E /* ChapterScene.cpp in Sources */ = {isa = PBXBuildFile; fileRef = 15AAE35315B6B6DB00F0CF5E /* ChapterScene.cpp */; };
		15AAE35915B6C1D200F0CF5E /* PageScene.cpp in Sources */ = {isa = PBXBuildFile; fileRef = 15AAE35715B6C1D200F0CF5E /* PageScene.cpp */; };
		15BEAF9115B65AB600D5940D /* LevelDataManager.cpp in Sources */ = {isa = PBXBuildFile; fileRef = 15BEAF8F15B65AB600D5940D /* LevelDataManager.cpp */; };
		15D0D34F15D363AF00F53819 /* NetManager.cpp in Sources */ = {isa = PBXBuildFile; fileRef = 15D0D34D15D363AF00F53819 /* NetManager.cpp */; };
		15D5107115CA14DC00FE43A8 /* PlayerInfoBar.cpp in Sources */ = {isa = PBXBuildFile; fileRef = 15D5106F15CA14DC00FE43A8 /* PlayerInfoBar.cpp */; };
		15D5107815CA3D4600FE43A8 /* PlayerInfoView.cpp in Sources */ = {isa = PBXBuildFile; fileRef = 15D5107615CA3D4600FE43A8 /* PlayerInfoView.cpp */; };
		15DD6D7A156DD120003E7567 /* fps_images.png in Resources */ = {isa = PBXBuildFile; fileRef = 15DD6D78156DD120003E7567 /* fps_images.png */; };
		15EC314F15B7F46000EA9631 /* PageMapScene.cpp in Sources */ = {isa = PBXBuildFile; fileRef = 15EC314E15B7F46000EA9631 /* PageMapScene.cpp */; };
		15EC315F15B7FE4000EA9631 /* CppSQLite3.cpp in Sources */ = {isa = PBXBuildFile; fileRef = 15EC315A15B7FE4000EA9631 /* CppSQLite3.cpp */; };
		15EC316815B7FEB700EA9631 /* libsqlite3.dylib in Frameworks */ = {isa = PBXBuildFile; fileRef = 15EC316715B7FEB600EA9631 /* libsqlite3.dylib */; };
		15EC317715B8036000EA9631 /* image in Resources */ = {isa = PBXBuildFile; fileRef = 15EC317615B8036000EA9631 /* image */; };
		15F990B5159C0DAF00848A44 /* fps_images-hd.png in Resources */ = {isa = PBXBuildFile; fileRef = 15F990B3159C0DAF00848A44 /* fps_images-hd.png */; };
		15F990B6159C0DAF00848A44 /* fps_images-ipadhd.png in Resources */ = {isa = PBXBuildFile; fileRef = 15F990B4159C0DAF00848A44 /* fps_images-ipadhd.png */; };
		187B98D815B3FA1000BAE5B3 /* CDAudioManager.h in Headers */ = {isa = PBXBuildFile; fileRef = 187B98CE15B3FA1000BAE5B3 /* CDAudioManager.h */; };
		187B98D915B3FA1000BAE5B3 /* CDAudioManager.m in Sources */ = {isa = PBXBuildFile; fileRef = 187B98CF15B3FA1000BAE5B3 /* CDAudioManager.m */; };
		187B98DA15B3FA1000BAE5B3 /* CDConfig.h in Headers */ = {isa = PBXBuildFile; fileRef = 187B98D015B3FA1000BAE5B3 /* CDConfig.h */; };
		187B98DB15B3FA1000BAE5B3 /* CDOpenALSupport.h in Headers */ = {isa = PBXBuildFile; fileRef = 187B98D115B3FA1000BAE5B3 /* CDOpenALSupport.h */; };
		187B98DC15B3FA1000BAE5B3 /* CDOpenALSupport.m in Sources */ = {isa = PBXBuildFile; fileRef = 187B98D215B3FA1000BAE5B3 /* CDOpenALSupport.m */; };
		187B98DD15B3FA1000BAE5B3 /* CocosDenshion.h in Headers */ = {isa = PBXBuildFile; fileRef = 187B98D315B3FA1000BAE5B3 /* CocosDenshion.h */; };
		187B98DE15B3FA1000BAE5B3 /* CocosDenshion.m in Sources */ = {isa = PBXBuildFile; fileRef = 187B98D415B3FA1000BAE5B3 /* CocosDenshion.m */; };
		187B98DF15B3FA1000BAE5B3 /* SimpleAudioEngine.mm in Sources */ = {isa = PBXBuildFile; fileRef = 187B98D515B3FA1000BAE5B3 /* SimpleAudioEngine.mm */; };
		187B98E015B3FA1000BAE5B3 /* SimpleAudioEngine_objc.h in Headers */ = {isa = PBXBuildFile; fileRef = 187B98D615B3FA1000BAE5B3 /* SimpleAudioEngine_objc.h */; };
		187B98E115B3FA1000BAE5B3 /* SimpleAudioEngine_objc.m in Sources */ = {isa = PBXBuildFile; fileRef = 187B98D715B3FA1000BAE5B3 /* SimpleAudioEngine_objc.m */; };
		187B98E515B3FA2600BAE5B3 /* Export.h in Headers */ = {isa = PBXBuildFile; fileRef = 187B98E315B3FA2600BAE5B3 /* Export.h */; };
		187B98E615B3FA2600BAE5B3 /* SimpleAudioEngine.h in Headers */ = {isa = PBXBuildFile; fileRef = 187B98E415B3FA2600BAE5B3 /* SimpleAudioEngine.h */; };
		187B98E915B3FA5E00BAE5B3 /* libCocosDension.a in Frameworks */ = {isa = PBXBuildFile; fileRef = 1898E1F915B3F94700A274B3 /* libCocosDension.a */; };
		187B98EA15B3FA7B00BAE5B3 /* AudioToolbox.framework in Frameworks */ = {isa = PBXBuildFile; fileRef = 781C33B31547F06B00633F88 /* AudioToolbox.framework */; };
		187B98EB15B3FA8800BAE5B3 /* AVFoundation.framework in Frameworks */ = {isa = PBXBuildFile; fileRef = 781C33B51547F06B00633F88 /* AVFoundation.framework */; };
		187B98EC15B3FAB800BAE5B3 /* OpenAL.framework in Frameworks */ = {isa = PBXBuildFile; fileRef = 781C33B11547F06B00633F88 /* OpenAL.framework */; };
		187E0D4B15C679D500DB85F3 /* BattleResultView.cpp in Sources */ = {isa = PBXBuildFile; fileRef = 187E0D4A15C679D500DB85F3 /* BattleResultView.cpp */; };
		1881484B15D36EBB0058DE29 /* GeneralBattleView.cpp in Sources */ = {isa = PBXBuildFile; fileRef = 1881484315D36EBA0058DE29 /* GeneralBattleView.cpp */; };
		1881484C15D36EBB0058DE29 /* NPCDialogView.cpp in Sources */ = {isa = PBXBuildFile; fileRef = 1881484515D36EBA0058DE29 /* NPCDialogView.cpp */; };
		1881484D15D36EBB0058DE29 /* SpecialBattleView.cpp in Sources */ = {isa = PBXBuildFile; fileRef = 1881484715D36EBA0058DE29 /* SpecialBattleView.cpp */; };
		1881484E15D36EBB0058DE29 /* TaskListView.cpp in Sources */ = {isa = PBXBuildFile; fileRef = 1881484915D36EBB0058DE29 /* TaskListView.cpp */; };
		1881485015D37A880058DE29 /* ccb in Resources */ = {isa = PBXBuildFile; fileRef = 1881484F15D37A880058DE29 /* ccb */; };
		188D088315D4BAC400AF970A /* OpenBoxView.cpp in Sources */ = {isa = PBXBuildFile; fileRef = 188D088115D4BAC400AF970A /* OpenBoxView.cpp */; };
		1898E1D815B3F7E500A274B3 /* libcocos2dx.a in Frameworks */ = {isa = PBXBuildFile; fileRef = 1898E1D515B3F7D500A274B3 /* libcocos2dx.a */; };
		1898E1DC15B3F83900A274B3 /* libcurl.a in Frameworks */ = {isa = PBXBuildFile; fileRef = 1898E1DB15B3F83900A274B3 /* libcurl.a */; };
		1898E1FA15B3F94700A274B3 /* Foundation.framework in Frameworks */ = {isa = PBXBuildFile; fileRef = 1D30AB110D05D00D00671497 /* Foundation.framework */; };
		18CE8E9F15C7762600C48686 /* BasicFunction.cpp in Sources */ = {isa = PBXBuildFile; fileRef = 18CE8E9E15C7762600C48686 /* BasicFunction.cpp */; };
		18DA5EB715D9FCAC000B7831 /* pub in Resources */ = {isa = PBXBuildFile; fileRef = 18DA5EB615D9FCAC000B7831 /* pub */; };
		1D60589F0D05DD5A006BFB54 /* Foundation.framework in Frameworks */ = {isa = PBXBuildFile; fileRef = 1D30AB110D05D00D00671497 /* Foundation.framework */; };
		1DF5F4E00D08C38300B7A737 /* UIKit.framework in Frameworks */ = {isa = PBXBuildFile; fileRef = 1DF5F4DF0D08C38300B7A737 /* UIKit.framework */; };
		288765A50DF7441C002DB57D /* CoreGraphics.framework in Frameworks */ = {isa = PBXBuildFile; fileRef = 288765A40DF7441C002DB57D /* CoreGraphics.framework */; };
		782F4619153FEDF0009FC2E5 /* Default.png in Resources */ = {isa = PBXBuildFile; fileRef = 782F4617153FEDF0009FC2E5 /* Default.png */; };
		782F461A153FEDF0009FC2E5 /* Icon.png in Resources */ = {isa = PBXBuildFile; fileRef = 782F4618153FEDF0009FC2E5 /* Icon.png */; };
		784521CE14EBA449009D533B /* CloseNormal.png in Resources */ = {isa = PBXBuildFile; fileRef = 784521C514EBA449009D533B /* CloseNormal.png */; };
		784521CF14EBA449009D533B /* CloseSelected.png in Resources */ = {isa = PBXBuildFile; fileRef = 784521C614EBA449009D533B /* CloseSelected.png */; };
		784521D214EBA449009D533B /* HelloWorld.png in Resources */ = {isa = PBXBuildFile; fileRef = 784521CA14EBA449009D533B /* HelloWorld.png */; };
		BF1373EF128A898400D9F789 /* OpenGLES.framework in Frameworks */ = {isa = PBXBuildFile; fileRef = BF492D4B1289302400A09262 /* OpenGLES.framework */; };
		BF1373F0128A899500D9F789 /* libxml2.dylib in Frameworks */ = {isa = PBXBuildFile; fileRef = BF492C21128924A800A09262 /* libxml2.dylib */; };
		BF1373F1128A899E00D9F789 /* libz.dylib in Frameworks */ = {isa = PBXBuildFile; fileRef = BF492B6912891AC600A09262 /* libz.dylib */; };
		BF13742F128A8E6A00D9F789 /* QuartzCore.framework in Frameworks */ = {isa = PBXBuildFile; fileRef = BF137426128A8E4600D9F789 /* QuartzCore.framework */; };
		BF23D4E7143315EB00657E08 /* AppDelegate.cpp in Sources */ = {isa = PBXBuildFile; fileRef = BF23D4E3143315EB00657E08 /* AppDelegate.cpp */; };
		BF365AA812A103F70050DCF4 /* AppController.mm in Sources */ = {isa = PBXBuildFile; fileRef = BF365AA712A103F70050DCF4 /* AppController.mm */; };
		BF4DE6AD138BB89600CF907D /* RootViewController.mm in Sources */ = {isa = PBXBuildFile; fileRef = BF4DE6AC138BB89600CF907D /* RootViewController.mm */; };
		D4ABB4B313B4395300552E6E /* main.m in Sources */ = {isa = PBXBuildFile; fileRef = D4ABB4B213B4395300552E6E /* main.m */; };
		F2AAC58D15C0DFF700952F4B /* TaskDataManager.cpp in Sources */ = {isa = PBXBuildFile; fileRef = F2AAC58915C0DFF700952F4B /* TaskDataManager.cpp */; };
		F2AAC58E15C0DFF700952F4B /* TaskModule.cpp in Sources */ = {isa = PBXBuildFile; fileRef = F2AAC58B15C0DFF700952F4B /* TaskModule.cpp */; };
/* End PBXBuildFile section */

/* Begin PBXContainerItemProxy section */
		187B98E715B3FA5500BAE5B3 /* PBXContainerItemProxy */ = {
			isa = PBXContainerItemProxy;
			containerPortal = 29B97313FDCFA39411CA2CEA /* Project object */;
			proxyType = 1;
			remoteGlobalIDString = 1898E1F815B3F94700A274B3;
			remoteInfo = CocosDension;
		};
		1898E1D415B3F7D500A274B3 /* PBXContainerItemProxy */ = {
			isa = PBXContainerItemProxy;
			containerPortal = 1898E1CD15B3F7D500A274B3 /* cocos2dx.xcodeproj */;
			proxyType = 2;
			remoteGlobalIDString = 1551A33F158F2AB200E66CFE;
			remoteInfo = cocos2dx;
		};
		1898E1D615B3F7DD00A274B3 /* PBXContainerItemProxy */ = {
			isa = PBXContainerItemProxy;
			containerPortal = 1898E1CD15B3F7D500A274B3 /* cocos2dx.xcodeproj */;
			proxyType = 1;
			remoteGlobalIDString = 1551A33E158F2AB200E66CFE;
			remoteInfo = cocos2dx;
		};
/* End PBXContainerItemProxy section */

/* Begin PBXFileReference section */
		150B347B15C244B10051DB06 /* LuckySprite.cpp */ = {isa = PBXFileReference; fileEncoding = 4; lastKnownFileType = sourcecode.cpp.cpp; path = LuckySprite.cpp; sourceTree = "<group>"; };
		150B347C15C244B10051DB06 /* LuckySprite.h */ = {isa = PBXFileReference; fileEncoding = 4; lastKnownFileType = sourcecode.c.h; path = LuckySprite.h; sourceTree = "<group>"; };
		155CC53015B92C2E00CE449D /* DictDataManager.h */ = {isa = PBXFileReference; fileEncoding = 4; lastKnownFileType = sourcecode.c.h; path = DictDataManager.h; sourceTree = "<group>"; };
		155CC53115B92C2E00CE449D /* DictDataManager.cpp */ = {isa = PBXFileReference; fileEncoding = 4; lastKnownFileType = sourcecode.cpp.cpp; path = DictDataManager.cpp; sourceTree = "<group>"; };
		15AAE31815B6894100F0CF5E /* autolink.h */ = {isa = PBXFileReference; fileEncoding = 4; lastKnownFileType = sourcecode.c.h; path = autolink.h; sourceTree = "<group>"; };
		15AAE31915B6894100F0CF5E /* config.h */ = {isa = PBXFileReference; fileEncoding = 4; lastKnownFileType = sourcecode.c.h; path = config.h; sourceTree = "<group>"; };
		15AAE31A15B6894100F0CF5E /* features.h */ = {isa = PBXFileReference; fileEncoding = 4; lastKnownFileType = sourcecode.c.h; path = features.h; sourceTree = "<group>"; };
		15AAE31B15B6894100F0CF5E /* forwards.h */ = {isa = PBXFileReference; fileEncoding = 4; lastKnownFileType = sourcecode.c.h; path = forwards.h; sourceTree = "<group>"; };
		15AAE31C15B6894100F0CF5E /* json.h */ = {isa = PBXFileReference; fileEncoding = 4; lastKnownFileType = sourcecode.c.h; path = json.h; sourceTree = "<group>"; };
		15AAE31D15B6894100F0CF5E /* reader.h */ = {isa = PBXFileReference; fileEncoding = 4; lastKnownFileType = sourcecode.c.h; path = reader.h; sourceTree = "<group>"; };
		15AAE31E15B6894100F0CF5E /* value.h */ = {isa = PBXFileReference; fileEncoding = 4; lastKnownFileType = sourcecode.c.h; path = value.h; sourceTree = "<group>"; };
		15AAE31F15B6894100F0CF5E /* writer.h */ = {isa = PBXFileReference; fileEncoding = 4; lastKnownFileType = sourcecode.c.h; path = writer.h; sourceTree = "<group>"; };
		15AAE32215B6894100F0CF5E /* json_batchallocator.h */ = {isa = PBXFileReference; fileEncoding = 4; lastKnownFileType = sourcecode.c.h; path = json_batchallocator.h; sourceTree = "<group>"; };
		15AAE32315B6894100F0CF5E /* json_internalarray.inl */ = {isa = PBXFileReference; fileEncoding = 4; lastKnownFileType = text; path = json_internalarray.inl; sourceTree = "<group>"; };
		15AAE32415B6894100F0CF5E /* json_internalmap.inl */ = {isa = PBXFileReference; fileEncoding = 4; lastKnownFileType = text; path = json_internalmap.inl; sourceTree = "<group>"; };
		15AAE32515B6894100F0CF5E /* json_reader.cpp */ = {isa = PBXFileReference; fileEncoding = 4; lastKnownFileType = sourcecode.cpp.cpp; path = json_reader.cpp; sourceTree = "<group>"; };
		15AAE32615B6894100F0CF5E /* json_value.cpp */ = {isa = PBXFileReference; fileEncoding = 4; lastKnownFileType = sourcecode.cpp.cpp; path = json_value.cpp; sourceTree = "<group>"; };
		15AAE32715B6894100F0CF5E /* json_valueiterator.inl */ = {isa = PBXFileReference; fileEncoding = 4; lastKnownFileType = text; path = json_valueiterator.inl; sourceTree = "<group>"; };
		15AAE32815B6894100F0CF5E /* json_writer.cpp */ = {isa = PBXFileReference; fileEncoding = 4; lastKnownFileType = sourcecode.cpp.cpp; path = json_writer.cpp; sourceTree = "<group>"; };
		15AAE32915B6894100F0CF5E /* sconscript */ = {isa = PBXFileReference; fileEncoding = 4; lastKnownFileType = text; path = sconscript; sourceTree = "<group>"; };
		15AAE33A15B68FF000F0CF5E /* config */ = {isa = PBXFileReference; lastKnownFileType = folder; path = config; sourceTree = "<group>"; };
		15AAE34B15B6A38300F0CF5E /* CoverScene.cpp */ = {isa = PBXFileReference; fileEncoding = 4; lastKnownFileType = sourcecode.cpp.cpp; path = CoverScene.cpp; sourceTree = "<group>"; };
		15AAE34C15B6A38300F0CF5E /* CoverScene.h */ = {isa = PBXFileReference; fileEncoding = 4; lastKnownFileType = sourcecode.c.h; path = CoverScene.h; sourceTree = "<group>"; };
		15AAE35315B6B6DB00F0CF5E /* ChapterScene.cpp */ = {isa = PBXFileReference; fileEncoding = 4; lastKnownFileType = sourcecode.cpp.cpp; path = ChapterScene.cpp; sourceTree = "<group>"; };
		15AAE35415B6B6DB00F0CF5E /* ChapterScene.h */ = {isa = PBXFileReference; fileEncoding = 4; lastKnownFileType = sourcecode.c.h; path = ChapterScene.h; sourceTree = "<group>"; };
		15AAE35715B6C1D200F0CF5E /* PageScene.cpp */ = {isa = PBXFileReference; fileEncoding = 4; lastKnownFileType = sourcecode.cpp.cpp; path = PageScene.cpp; sourceTree = "<group>"; };
		15AAE35815B6C1D200F0CF5E /* PageScene.h */ = {isa = PBXFileReference; fileEncoding = 4; lastKnownFileType = sourcecode.c.h; path = PageScene.h; sourceTree = "<group>"; };
		15BEAF8E15B65AB600D5940D /* Basic.h */ = {isa = PBXFileReference; fileEncoding = 4; lastKnownFileType = sourcecode.c.h; path = Basic.h; sourceTree = "<group>"; };
		15BEAF8F15B65AB600D5940D /* LevelDataManager.cpp */ = {isa = PBXFileReference; fileEncoding = 4; lastKnownFileType = sourcecode.cpp.cpp; path = LevelDataManager.cpp; sourceTree = "<group>"; };
		15BEAF9015B65AB600D5940D /* LevelDataManager.h */ = {isa = PBXFileReference; fileEncoding = 4; lastKnownFileType = sourcecode.c.h; path = LevelDataManager.h; sourceTree = "<group>"; };
		15D0D34D15D363AF00F53819 /* NetManager.cpp */ = {isa = PBXFileReference; fileEncoding = 4; lastKnownFileType = sourcecode.cpp.cpp; path = NetManager.cpp; sourceTree = "<group>"; };
		15D0D34E15D363AF00F53819 /* NetManager.h */ = {isa = PBXFileReference; fileEncoding = 4; lastKnownFileType = sourcecode.c.h; path = NetManager.h; sourceTree = "<group>"; };
		15D0D35915D36C3600F53819 /* Netbasic.h */ = {isa = PBXFileReference; lastKnownFileType = sourcecode.c.h; path = Netbasic.h; sourceTree = "<group>"; };
		15D5106F15CA14DC00FE43A8 /* PlayerInfoBar.cpp */ = {isa = PBXFileReference; fileEncoding = 4; lastKnownFileType = sourcecode.cpp.cpp; path = PlayerInfoBar.cpp; sourceTree = "<group>"; };
		15D5107015CA14DC00FE43A8 /* PlayerInfoBar.h */ = {isa = PBXFileReference; fileEncoding = 4; lastKnownFileType = sourcecode.c.h; path = PlayerInfoBar.h; sourceTree = "<group>"; };
		15D5107615CA3D4600FE43A8 /* PlayerInfoView.cpp */ = {isa = PBXFileReference; fileEncoding = 4; lastKnownFileType = sourcecode.cpp.cpp; path = PlayerInfoView.cpp; sourceTree = "<group>"; };
		15D5107715CA3D4600FE43A8 /* PlayerInfoView.h */ = {isa = PBXFileReference; fileEncoding = 4; lastKnownFileType = sourcecode.c.h; path = PlayerInfoView.h; sourceTree = "<group>"; };
		15DD6D78156DD120003E7567 /* fps_images.png */ = {isa = PBXFileReference; lastKnownFileType = image.png; path = fps_images.png; sourceTree = "<group>"; };
		15EC314D15B7F45100EA9631 /* PageMapScene.h */ = {isa = PBXFileReference; fileEncoding = 4; lastKnownFileType = sourcecode.c.h; path = PageMapScene.h; sourceTree = "<group>"; };
		15EC314E15B7F46000EA9631 /* PageMapScene.cpp */ = {isa = PBXFileReference; fileEncoding = 4; lastKnownFileType = sourcecode.cpp.cpp; path = PageMapScene.cpp; sourceTree = "<group>"; };
		15EC315A15B7FE4000EA9631 /* CppSQLite3.cpp */ = {isa = PBXFileReference; fileEncoding = 4; lastKnownFileType = sourcecode.cpp.cpp; path = CppSQLite3.cpp; sourceTree = "<group>"; };
		15EC315B15B7FE4000EA9631 /* CppSQLite3.h */ = {isa = PBXFileReference; fileEncoding = 4; lastKnownFileType = sourcecode.c.h; path = CppSQLite3.h; sourceTree = "<group>"; };
		15EC315D15B7FE4000EA9631 /* sqlite3.h */ = {isa = PBXFileReference; fileEncoding = 4; lastKnownFileType = sourcecode.c.h; path = sqlite3.h; sourceTree = "<group>"; };
		15EC316715B7FEB600EA9631 /* libsqlite3.dylib */ = {isa = PBXFileReference; lastKnownFileType = "compiled.mach-o.dylib"; name = libsqlite3.dylib; path = usr/lib/libsqlite3.dylib; sourceTree = SDKROOT; };
		15EC317615B8036000EA9631 /* image */ = {isa = PBXFileReference; lastKnownFileType = folder; path = image; sourceTree = "<group>"; };
		15F990B3159C0DAF00848A44 /* fps_images-hd.png */ = {isa = PBXFileReference; lastKnownFileType = image.png; path = "fps_images-hd.png"; sourceTree = "<group>"; };
		15F990B4159C0DAF00848A44 /* fps_images-ipadhd.png */ = {isa = PBXFileReference; lastKnownFileType = image.png; path = "fps_images-ipadhd.png"; sourceTree = "<group>"; };
		187B98CE15B3FA1000BAE5B3 /* CDAudioManager.h */ = {isa = PBXFileReference; fileEncoding = 4; lastKnownFileType = sourcecode.c.h; path = CDAudioManager.h; sourceTree = "<group>"; };
		187B98CF15B3FA1000BAE5B3 /* CDAudioManager.m */ = {isa = PBXFileReference; fileEncoding = 4; lastKnownFileType = sourcecode.c.objc; path = CDAudioManager.m; sourceTree = "<group>"; };
		187B98D015B3FA1000BAE5B3 /* CDConfig.h */ = {isa = PBXFileReference; fileEncoding = 4; lastKnownFileType = sourcecode.c.h; path = CDConfig.h; sourceTree = "<group>"; };
		187B98D115B3FA1000BAE5B3 /* CDOpenALSupport.h */ = {isa = PBXFileReference; fileEncoding = 4; lastKnownFileType = sourcecode.c.h; path = CDOpenALSupport.h; sourceTree = "<group>"; };
		187B98D215B3FA1000BAE5B3 /* CDOpenALSupport.m */ = {isa = PBXFileReference; fileEncoding = 4; lastKnownFileType = sourcecode.c.objc; path = CDOpenALSupport.m; sourceTree = "<group>"; };
		187B98D315B3FA1000BAE5B3 /* CocosDenshion.h */ = {isa = PBXFileReference; fileEncoding = 4; lastKnownFileType = sourcecode.c.h; path = CocosDenshion.h; sourceTree = "<group>"; };
		187B98D415B3FA1000BAE5B3 /* CocosDenshion.m */ = {isa = PBXFileReference; fileEncoding = 4; lastKnownFileType = sourcecode.c.objc; path = CocosDenshion.m; sourceTree = "<group>"; };
		187B98D515B3FA1000BAE5B3 /* SimpleAudioEngine.mm */ = {isa = PBXFileReference; fileEncoding = 4; lastKnownFileType = sourcecode.cpp.objcpp; path = SimpleAudioEngine.mm; sourceTree = "<group>"; };
		187B98D615B3FA1000BAE5B3 /* SimpleAudioEngine_objc.h */ = {isa = PBXFileReference; fileEncoding = 4; lastKnownFileType = sourcecode.c.h; path = SimpleAudioEngine_objc.h; sourceTree = "<group>"; };
		187B98D715B3FA1000BAE5B3 /* SimpleAudioEngine_objc.m */ = {isa = PBXFileReference; fileEncoding = 4; lastKnownFileType = sourcecode.c.objc; path = SimpleAudioEngine_objc.m; sourceTree = "<group>"; };
		187B98E315B3FA2600BAE5B3 /* Export.h */ = {isa = PBXFileReference; fileEncoding = 4; lastKnownFileType = sourcecode.c.h; path = Export.h; sourceTree = "<group>"; };
		187B98E415B3FA2600BAE5B3 /* SimpleAudioEngine.h */ = {isa = PBXFileReference; fileEncoding = 4; lastKnownFileType = sourcecode.c.h; path = SimpleAudioEngine.h; sourceTree = "<group>"; };
		187DC38115B806D50051A392 /* BattleDefine.h */ = {isa = PBXFileReference; lastKnownFileType = sourcecode.c.h; path = BattleDefine.h; sourceTree = "<group>"; };
		187E0D4915C679C500DB85F3 /* BattleResultView.h */ = {isa = PBXFileReference; lastKnownFileType = sourcecode.c.h; path = BattleResultView.h; sourceTree = "<group>"; };
		187E0D4A15C679D500DB85F3 /* BattleResultView.cpp */ = {isa = PBXFileReference; fileEncoding = 4; lastKnownFileType = sourcecode.cpp.cpp; path = BattleResultView.cpp; sourceTree = "<group>"; };
		1881484315D36EBA0058DE29 /* GeneralBattleView.cpp */ = {isa = PBXFileReference; fileEncoding = 4; lastKnownFileType = sourcecode.cpp.cpp; path = GeneralBattleView.cpp; sourceTree = "<group>"; };
		1881484415D36EBA0058DE29 /* GeneralBattleView.h */ = {isa = PBXFileReference; fileEncoding = 4; lastKnownFileType = sourcecode.c.h; path = GeneralBattleView.h; sourceTree = "<group>"; };
		1881484515D36EBA0058DE29 /* NPCDialogView.cpp */ = {isa = PBXFileReference; fileEncoding = 4; lastKnownFileType = sourcecode.cpp.cpp; path = NPCDialogView.cpp; sourceTree = "<group>"; };
		1881484615D36EBA0058DE29 /* NPCDialogView.h */ = {isa = PBXFileReference; fileEncoding = 4; lastKnownFileType = sourcecode.c.h; path = NPCDialogView.h; sourceTree = "<group>"; };
		1881484715D36EBA0058DE29 /* SpecialBattleView.cpp */ = {isa = PBXFileReference; fileEncoding = 4; lastKnownFileType = sourcecode.cpp.cpp; path = SpecialBattleView.cpp; sourceTree = "<group>"; };
		1881484815D36EBA0058DE29 /* SpecialBattleView.h */ = {isa = PBXFileReference; fileEncoding = 4; lastKnownFileType = sourcecode.c.h; path = SpecialBattleView.h; sourceTree = "<group>"; };
		1881484915D36EBB0058DE29 /* TaskListView.cpp */ = {isa = PBXFileReference; fileEncoding = 4; lastKnownFileType = sourcecode.cpp.cpp; path = TaskListView.cpp; sourceTree = "<group>"; };
		1881484A15D36EBB0058DE29 /* TaskListView.h */ = {isa = PBXFileReference; fileEncoding = 4; lastKnownFileType = sourcecode.c.h; path = TaskListView.h; sourceTree = "<group>"; };
		1881484F15D37A880058DE29 /* ccb */ = {isa = PBXFileReference; lastKnownFileType = folder; path = ccb; sourceTree = "<group>"; };
		188D088115D4BAC400AF970A /* OpenBoxView.cpp */ = {isa = PBXFileReference; fileEncoding = 4; lastKnownFileType = sourcecode.cpp.cpp; path = OpenBoxView.cpp; sourceTree = "<group>"; };
		188D088215D4BAC400AF970A /* OpenBoxView.h */ = {isa = PBXFileReference; fileEncoding = 4; lastKnownFileType = sourcecode.c.h; path = OpenBoxView.h; sourceTree = "<group>"; };
		1898E1CD15B3F7D500A274B3 /* cocos2dx.xcodeproj */ = {isa = PBXFileReference; lastKnownFileType = "wrapper.pb-project"; name = cocos2dx.xcodeproj; path = "../libs/cocos2d-x/cocos2dx/proj.ios/cocos2dx.xcodeproj"; sourceTree = "<group>"; };
		1898E1DB15B3F83900A274B3 /* libcurl.a */ = {isa = PBXFileReference; lastKnownFileType = archive.ar; name = libcurl.a; path = "../libs/cocos2d-x/cocos2dx/platform/third_party/ios/libraries/libcurl.a"; sourceTree = "<group>"; };
		1898E1F915B3F94700A274B3 /* libCocosDension.a */ = {isa = PBXFileReference; explicitFileType = archive.ar; includeInIndex = 0; path = libCocosDension.a; sourceTree = BUILT_PRODUCTS_DIR; };
		18CE8E9D15C7760A00C48686 /* BasicFunction.h */ = {isa = PBXFileReference; lastKnownFileType = sourcecode.c.h; path = BasicFunction.h; sourceTree = "<group>"; };
		18CE8E9E15C7762600C48686 /* BasicFunction.cpp */ = {isa = PBXFileReference; fileEncoding = 4; lastKnownFileType = sourcecode.cpp.cpp; path = BasicFunction.cpp; sourceTree = "<group>"; };
		18DA5EB615D9FCAC000B7831 /* pub */ = {isa = PBXFileReference; lastKnownFileType = folder; path = pub; sourceTree = "<group>"; };
		18EED36815D90B43002EC7B9 /* FuzzyBgView.h */ = {isa = PBXFileReference; lastKnownFileType = sourcecode.c.h; path = FuzzyBgView.h; sourceTree = "<group>"; };
		1D30AB110D05D00D00671497 /* Foundation.framework */ = {isa = PBXFileReference; lastKnownFileType = wrapper.framework; name = Foundation.framework; path = System/Library/Frameworks/Foundation.framework; sourceTree = SDKROOT; };
		1D6058910D05DD3D006BFB54 /* LuckyCat.app */ = {isa = PBXFileReference; explicitFileType = wrapper.application; includeInIndex = 0; path = LuckyCat.app; sourceTree = BUILT_PRODUCTS_DIR; };
		1DF5F4DF0D08C38300B7A737 /* UIKit.framework */ = {isa = PBXFileReference; lastKnownFileType = wrapper.framework; name = UIKit.framework; path = System/Library/Frameworks/UIKit.framework; sourceTree = SDKROOT; };
		288765A40DF7441C002DB57D /* CoreGraphics.framework */ = {isa = PBXFileReference; lastKnownFileType = wrapper.framework; name = CoreGraphics.framework; path = System/Library/Frameworks/CoreGraphics.framework; sourceTree = SDKROOT; };
		781C33B11547F06B00633F88 /* OpenAL.framework */ = {isa = PBXFileReference; lastKnownFileType = wrapper.framework; name = OpenAL.framework; path = System/Library/Frameworks/OpenAL.framework; sourceTree = SDKROOT; };
		781C33B31547F06B00633F88 /* AudioToolbox.framework */ = {isa = PBXFileReference; lastKnownFileType = wrapper.framework; name = AudioToolbox.framework; path = System/Library/Frameworks/AudioToolbox.framework; sourceTree = SDKROOT; };
		781C33B51547F06B00633F88 /* AVFoundation.framework */ = {isa = PBXFileReference; lastKnownFileType = wrapper.framework; name = AVFoundation.framework; path = System/Library/Frameworks/AVFoundation.framework; sourceTree = SDKROOT; };
		782F4617153FEDF0009FC2E5 /* Default.png */ = {isa = PBXFileReference; lastKnownFileType = image.png; path = Default.png; sourceTree = SOURCE_ROOT; };
		782F4618153FEDF0009FC2E5 /* Icon.png */ = {isa = PBXFileReference; lastKnownFileType = image.png; path = Icon.png; sourceTree = SOURCE_ROOT; };
		784521C514EBA449009D533B /* CloseNormal.png */ = {isa = PBXFileReference; lastKnownFileType = image.png; path = CloseNormal.png; sourceTree = "<group>"; };
		784521C614EBA449009D533B /* CloseSelected.png */ = {isa = PBXFileReference; lastKnownFileType = image.png; path = CloseSelected.png; sourceTree = "<group>"; };
		784521CA14EBA449009D533B /* HelloWorld.png */ = {isa = PBXFileReference; lastKnownFileType = image.png; path = HelloWorld.png; sourceTree = "<group>"; };
		BF137426128A8E4600D9F789 /* QuartzCore.framework */ = {isa = PBXFileReference; lastKnownFileType = wrapper.framework; name = QuartzCore.framework; path = System/Library/Frameworks/QuartzCore.framework; sourceTree = SDKROOT; };
		BF23D4E3143315EB00657E08 /* AppDelegate.cpp */ = {isa = PBXFileReference; fileEncoding = 4; lastKnownFileType = sourcecode.cpp.cpp; lineEnding = 0; path = AppDelegate.cpp; sourceTree = "<group>"; xcLanguageSpecificationIdentifier = xcode.lang.cpp; };
		BF23D4E4143315EB00657E08 /* AppDelegate.h */ = {isa = PBXFileReference; fileEncoding = 4; lastKnownFileType = sourcecode.c.h; path = AppDelegate.h; sourceTree = "<group>"; };
		BF365AA612A103F70050DCF4 /* AppController.h */ = {isa = PBXFileReference; fileEncoding = 4; lastKnownFileType = sourcecode.c.h; path = AppController.h; sourceTree = "<group>"; };
		BF365AA712A103F70050DCF4 /* AppController.mm */ = {isa = PBXFileReference; fileEncoding = 4; lastKnownFileType = sourcecode.cpp.objcpp; path = AppController.mm; sourceTree = "<group>"; };
		BF492B6912891AC600A09262 /* libz.dylib */ = {isa = PBXFileReference; lastKnownFileType = "compiled.mach-o.dylib"; name = libz.dylib; path = usr/lib/libz.dylib; sourceTree = SDKROOT; };
		BF492C21128924A800A09262 /* libxml2.dylib */ = {isa = PBXFileReference; lastKnownFileType = "compiled.mach-o.dylib"; name = libxml2.dylib; path = usr/lib/libxml2.dylib; sourceTree = SDKROOT; };
		BF492D4B1289302400A09262 /* OpenGLES.framework */ = {isa = PBXFileReference; lastKnownFileType = wrapper.framework; name = OpenGLES.framework; path = System/Library/Frameworks/OpenGLES.framework; sourceTree = SDKROOT; };
		BF4DE6AB138BB89600CF907D /* RootViewController.h */ = {isa = PBXFileReference; fileEncoding = 4; lastKnownFileType = sourcecode.c.h; path = RootViewController.h; sourceTree = "<group>"; };
		BF4DE6AC138BB89600CF907D /* RootViewController.mm */ = {isa = PBXFileReference; fileEncoding = 4; lastKnownFileType = sourcecode.cpp.objcpp; path = RootViewController.mm; sourceTree = "<group>"; };
		D4ABB4B213B4395300552E6E /* main.m */ = {isa = PBXFileReference; fileEncoding = 4; lastKnownFileType = sourcecode.c.objc; path = main.m; sourceTree = "<group>"; };
		F2AAC58815C0DFF700952F4B /* TaskBasic.h */ = {isa = PBXFileReference; fileEncoding = 4; lastKnownFileType = sourcecode.c.h; path = TaskBasic.h; sourceTree = "<group>"; };
		F2AAC58915C0DFF700952F4B /* TaskDataManager.cpp */ = {isa = PBXFileReference; fileEncoding = 4; lastKnownFileType = sourcecode.cpp.cpp; path = TaskDataManager.cpp; sourceTree = "<group>"; };
		F2AAC58A15C0DFF700952F4B /* TaskDataManager.h */ = {isa = PBXFileReference; fileEncoding = 4; lastKnownFileType = sourcecode.c.h; path = TaskDataManager.h; sourceTree = "<group>"; };
		F2AAC58B15C0DFF700952F4B /* TaskModule.cpp */ = {isa = PBXFileReference; fileEncoding = 4; lastKnownFileType = sourcecode.cpp.cpp; path = TaskModule.cpp; sourceTree = "<group>"; };
		F2AAC58C15C0DFF700952F4B /* TaskModule.h */ = {isa = PBXFileReference; fileEncoding = 4; lastKnownFileType = sourcecode.c.h; path = TaskModule.h; sourceTree = "<group>"; };
/* End PBXFileReference section */

/* Begin PBXFrameworksBuildPhase section */
		1898E1F615B3F94700A274B3 /* Frameworks */ = {
			isa = PBXFrameworksBuildPhase;
			buildActionMask = 2147483647;
			files = (
				1898E1FA15B3F94700A274B3 /* Foundation.framework in Frameworks */,
			);
			runOnlyForDeploymentPostprocessing = 0;
		};
		1D60588F0D05DD3D006BFB54 /* Frameworks */ = {
			isa = PBXFrameworksBuildPhase;
			buildActionMask = 2147483647;
			files = (
				15EC316815B7FEB700EA9631 /* libsqlite3.dylib in Frameworks */,
				187B98EC15B3FAB800BAE5B3 /* OpenAL.framework in Frameworks */,
				BF13742F128A8E6A00D9F789 /* QuartzCore.framework in Frameworks */,
				187B98EB15B3FA8800BAE5B3 /* AVFoundation.framework in Frameworks */,
				187B98EA15B3FA7B00BAE5B3 /* AudioToolbox.framework in Frameworks */,
				187B98E915B3FA5E00BAE5B3 /* libCocosDension.a in Frameworks */,
				1898E1D815B3F7E500A274B3 /* libcocos2dx.a in Frameworks */,
				1D60589F0D05DD5A006BFB54 /* Foundation.framework in Frameworks */,
				1DF5F4E00D08C38300B7A737 /* UIKit.framework in Frameworks */,
				288765A50DF7441C002DB57D /* CoreGraphics.framework in Frameworks */,
				BF1373EF128A898400D9F789 /* OpenGLES.framework in Frameworks */,
				BF1373F0128A899500D9F789 /* libxml2.dylib in Frameworks */,
				BF1373F1128A899E00D9F789 /* libz.dylib in Frameworks */,
				1898E1DC15B3F83900A274B3 /* libcurl.a in Frameworks */,
			);
			runOnlyForDeploymentPostprocessing = 0;
		};
/* End PBXFrameworksBuildPhase section */

/* Begin PBXGroup section */
		15AAE31415B6880D00F0CF5E /* third_party */ = {
			isa = PBXGroup;
			children = (
				15EC315915B7FE4000EA9631 /* cppsqlite */,
				15AAE31515B6894100F0CF5E /* jsoncpp */,
			);
			name = third_party;
			sourceTree = "<group>";
		};
		15AAE31515B6894100F0CF5E /* jsoncpp */ = {
			isa = PBXGroup;
			children = (
				15AAE31615B6894100F0CF5E /* include */,
				15AAE32015B6894100F0CF5E /* src */,
			);
			name = jsoncpp;
			path = ../libs/jsoncpp;
			sourceTree = "<group>";
		};
		15AAE31615B6894100F0CF5E /* include */ = {
			isa = PBXGroup;
			children = (
				15AAE31715B6894100F0CF5E /* json */,
			);
			path = include;
			sourceTree = "<group>";
		};
		15AAE31715B6894100F0CF5E /* json */ = {
			isa = PBXGroup;
			children = (
				15AAE31815B6894100F0CF5E /* autolink.h */,
				15AAE31915B6894100F0CF5E /* config.h */,
				15AAE31A15B6894100F0CF5E /* features.h */,
				15AAE31B15B6894100F0CF5E /* forwards.h */,
				15AAE31C15B6894100F0CF5E /* json.h */,
				15AAE31D15B6894100F0CF5E /* reader.h */,
				15AAE31E15B6894100F0CF5E /* value.h */,
				15AAE31F15B6894100F0CF5E /* writer.h */,
			);
			path = json;
			sourceTree = "<group>";
		};
		15AAE32015B6894100F0CF5E /* src */ = {
			isa = PBXGroup;
			children = (
				15AAE32115B6894100F0CF5E /* lib_json */,
			);
			path = src;
			sourceTree = "<group>";
		};
		15AAE32115B6894100F0CF5E /* lib_json */ = {
			isa = PBXGroup;
			children = (
				15AAE32215B6894100F0CF5E /* json_batchallocator.h */,
				15AAE32315B6894100F0CF5E /* json_internalarray.inl */,
				15AAE32415B6894100F0CF5E /* json_internalmap.inl */,
				15AAE32515B6894100F0CF5E /* json_reader.cpp */,
				15AAE32615B6894100F0CF5E /* json_value.cpp */,
				15AAE32715B6894100F0CF5E /* json_valueiterator.inl */,
				15AAE32815B6894100F0CF5E /* json_writer.cpp */,
				15AAE32915B6894100F0CF5E /* sconscript */,
			);
			path = lib_json;
			sourceTree = "<group>";
		};
		15AAE34A15B6A38300F0CF5E /* Main */ = {
			isa = PBXGroup;
			children = (
				15AAE34B15B6A38300F0CF5E /* CoverScene.cpp */,
				15AAE34C15B6A38300F0CF5E /* CoverScene.h */,
				18EED36815D90B43002EC7B9 /* FuzzyBgView.h */,
			);
			path = Main;
			sourceTree = "<group>";
		};
		15AAE34E15B6B2B800F0CF5E /* Chapter */ = {
			isa = PBXGroup;
			children = (
				15AAE35315B6B6DB00F0CF5E /* ChapterScene.cpp */,
				15AAE35415B6B6DB00F0CF5E /* ChapterScene.h */,
			);
			path = Chapter;
			sourceTree = "<group>";
		};
		15AAE35615B6C1D100F0CF5E /* Page */ = {
			isa = PBXGroup;
			children = (
				15AAE35715B6C1D200F0CF5E /* PageScene.cpp */,
				15AAE35815B6C1D200F0CF5E /* PageScene.h */,
				15EC314D15B7F45100EA9631 /* PageMapScene.h */,
				15EC314E15B7F46000EA9631 /* PageMapScene.cpp */,
			);
			path = Page;
			sourceTree = "<group>";
		};
		15D5106E15CA14DC00FE43A8 /* PlayerInfo */ = {
			isa = PBXGroup;
			children = (
				15D5107615CA3D4600FE43A8 /* PlayerInfoView.cpp */,
				15D5107715CA3D4600FE43A8 /* PlayerInfoView.h */,
				15D5106F15CA14DC00FE43A8 /* PlayerInfoBar.cpp */,
				15D5107015CA14DC00FE43A8 /* PlayerInfoBar.h */,
			);
			path = PlayerInfo;
			sourceTree = "<group>";
		};
		15DE3DB815B56D1C001B8372 /* Basic */ = {
			isa = PBXGroup;
			children = (
				15D0D34D15D363AF00F53819 /* NetManager.cpp */,
				15D0D34E15D363AF00F53819 /* NetManager.h */,
				15D0D35915D36C3600F53819 /* Netbasic.h */,
				150B347B15C244B10051DB06 /* LuckySprite.cpp */,
				150B347C15C244B10051DB06 /* LuckySprite.h */,
				15BEAF8E15B65AB600D5940D /* Basic.h */,
				155CC53015B92C2E00CE449D /* DictDataManager.h */,
				155CC53115B92C2E00CE449D /* DictDataManager.cpp */,
				15BEAF8F15B65AB600D5940D /* LevelDataManager.cpp */,
				15BEAF9015B65AB600D5940D /* LevelDataManager.h */,
				18CE8E9D15C7760A00C48686 /* BasicFunction.h */,
				18CE8E9E15C7762600C48686 /* BasicFunction.cpp */,
			);
			path = Basic;
			sourceTree = "<group>";
		};
		15EC315915B7FE4000EA9631 /* cppsqlite */ = {
			isa = PBXGroup;
			children = (
				15EC315A15B7FE4000EA9631 /* CppSQLite3.cpp */,
				15EC315B15B7FE4000EA9631 /* CppSQLite3.h */,
				15EC315D15B7FE4000EA9631 /* sqlite3.h */,
			);
			name = cppsqlite;
			path = ../libs/cppsqlite;
			sourceTree = "<group>";
		};
		187B98CC15B3F9B900BAE5B3 /* CocosDension */ = {
			isa = PBXGroup;
			children = (
				187B98E215B3FA2600BAE5B3 /* include */,
				187B98CD15B3FA1000BAE5B3 /* ios */,
			);
			name = CocosDension;
			sourceTree = "<group>";
		};
		187B98CD15B3FA1000BAE5B3 /* ios */ = {
			isa = PBXGroup;
			children = (
				187B98CE15B3FA1000BAE5B3 /* CDAudioManager.h */,
				187B98CF15B3FA1000BAE5B3 /* CDAudioManager.m */,
				187B98D015B3FA1000BAE5B3 /* CDConfig.h */,
				187B98D115B3FA1000BAE5B3 /* CDOpenALSupport.h */,
				187B98D215B3FA1000BAE5B3 /* CDOpenALSupport.m */,
				187B98D315B3FA1000BAE5B3 /* CocosDenshion.h */,
				187B98D415B3FA1000BAE5B3 /* CocosDenshion.m */,
				187B98D515B3FA1000BAE5B3 /* SimpleAudioEngine.mm */,
				187B98D615B3FA1000BAE5B3 /* SimpleAudioEngine_objc.h */,
				187B98D715B3FA1000BAE5B3 /* SimpleAudioEngine_objc.m */,
			);
			name = ios;
			path = "../libs/cocos2d-x/CocosDenshion/ios";
			sourceTree = "<group>";
		};
		187B98E215B3FA2600BAE5B3 /* include */ = {
			isa = PBXGroup;
			children = (
				187B98E315B3FA2600BAE5B3 /* Export.h */,
				187B98E415B3FA2600BAE5B3 /* SimpleAudioEngine.h */,
			);
			name = include;
			path = "../libs/cocos2d-x/CocosDenshion/include";
			sourceTree = "<group>";
		};
		187DC37A15B802FD0051A392 /* Battle */ = {
			isa = PBXGroup;
			children = (
				1881484315D36EBA0058DE29 /* GeneralBattleView.cpp */,
				1881484415D36EBA0058DE29 /* GeneralBattleView.h */,
				1881484515D36EBA0058DE29 /* NPCDialogView.cpp */,
				1881484615D36EBA0058DE29 /* NPCDialogView.h */,
				1881484715D36EBA0058DE29 /* SpecialBattleView.cpp */,
				1881484815D36EBA0058DE29 /* SpecialBattleView.h */,
				1881484915D36EBB0058DE29 /* TaskListView.cpp */,
				1881484A15D36EBB0058DE29 /* TaskListView.h */,
				187DC38115B806D50051A392 /* BattleDefine.h */,
				187E0D4915C679C500DB85F3 /* BattleResultView.h */,
				187E0D4A15C679D500DB85F3 /* BattleResultView.cpp */,
				188D088215D4BAC400AF970A /* OpenBoxView.h */,
				188D088115D4BAC400AF970A /* OpenBoxView.cpp */,
			);
			path = Battle;
			sourceTree = "<group>";
		};
		1898E1CE15B3F7D500A274B3 /* Products */ = {
			isa = PBXGroup;
			children = (
				1898E1D515B3F7D500A274B3 /* libcocos2dx.a */,
			);
			name = Products;
			sourceTree = "<group>";
		};
		19C28FACFE9D520D11CA2CBB /* Products */ = {
			isa = PBXGroup;
			children = (
				1D6058910D05DD3D006BFB54 /* LuckyCat.app */,
				1898E1F915B3F94700A274B3 /* libCocosDension.a */,
			);
			name = Products;
			sourceTree = "<group>";
		};
		29B97314FDCFA39411CA2CEA /* CustomTemplate */ = {
			isa = PBXGroup;
			children = (
				1898E1CD15B3F7D500A274B3 /* cocos2dx.xcodeproj */,
				187B98CC15B3F9B900BAE5B3 /* CocosDension */,
				BF23D4E2143315EB00657E08 /* Classes */,
				29B97323FDCFA39411CA2CEA /* Frameworks */,
				BF5681CC1313A84D0055EEAC /* ios */,
				19C28FACFE9D520D11CA2CBB /* Products */,
				784521C214EBA449009D533B /* Resources */,
			);
			name = CustomTemplate;
			sourceTree = "<group>";
		};
		29B97323FDCFA39411CA2CEA /* Frameworks */ = {
			isa = PBXGroup;
			children = (
				15EC316715B7FEB600EA9631 /* libsqlite3.dylib */,
				1898E1DB15B3F83900A274B3 /* libcurl.a */,
				BF492B6912891AC600A09262 /* libz.dylib */,
				BF137426128A8E4600D9F789 /* QuartzCore.framework */,
				BF492D4B1289302400A09262 /* OpenGLES.framework */,
				BF492C21128924A800A09262 /* libxml2.dylib */,
				1DF5F4DF0D08C38300B7A737 /* UIKit.framework */,
				1D30AB110D05D00D00671497 /* Foundation.framework */,
				288765A40DF7441C002DB57D /* CoreGraphics.framework */,
				781C33B11547F06B00633F88 /* OpenAL.framework */,
				781C33B31547F06B00633F88 /* AudioToolbox.framework */,
				781C33B51547F06B00633F88 /* AVFoundation.framework */,
			);
			name = Frameworks;
			sourceTree = "<group>";
		};
		784521C214EBA449009D533B /* Resources */ = {
			isa = PBXGroup;
			children = (
				18DA5EB615D9FCAC000B7831 /* pub */,
				1881484F15D37A880058DE29 /* ccb */,
				15EC317615B8036000EA9631 /* image */,
				15AAE33A15B68FF000F0CF5E /* config */,
				15F990B3159C0DAF00848A44 /* fps_images-hd.png */,
				15F990B4159C0DAF00848A44 /* fps_images-ipadhd.png */,
				15DD6D78156DD120003E7567 /* fps_images.png */,
				782F4617153FEDF0009FC2E5 /* Default.png */,
				782F4618153FEDF0009FC2E5 /* Icon.png */,
				784521C514EBA449009D533B /* CloseNormal.png */,
				784521C614EBA449009D533B /* CloseSelected.png */,
				784521CA14EBA449009D533B /* HelloWorld.png */,
			);
			name = Resources;
			path = ../Resources;
			sourceTree = "<group>";
		};
		BF23D4E2143315EB00657E08 /* Classes */ = {
			isa = PBXGroup;
			children = (
				15D5106E15CA14DC00FE43A8 /* PlayerInfo */,
				F2AAC58715C0DFF700952F4B /* Task */,
				187DC37A15B802FD0051A392 /* Battle */,
				15AAE35615B6C1D100F0CF5E /* Page */,
				15AAE34E15B6B2B800F0CF5E /* Chapter */,
				15AAE34A15B6A38300F0CF5E /* Main */,
				15AAE31415B6880D00F0CF5E /* third_party */,
				15DE3DB815B56D1C001B8372 /* Basic */,
				BF23D4E3143315EB00657E08 /* AppDelegate.cpp */,
				BF23D4E4143315EB00657E08 /* AppDelegate.h */,
			);
			name = Classes;
			path = ../Classes;
			sourceTree = SOURCE_ROOT;
		};
		BF5681CC1313A84D0055EEAC /* ios */ = {
			isa = PBXGroup;
			children = (
				D4ABB4B213B4395300552E6E /* main.m */,
				BF365AA612A103F70050DCF4 /* AppController.h */,
				BF365AA712A103F70050DCF4 /* AppController.mm */,
				BF4DE6AB138BB89600CF907D /* RootViewController.h */,
				BF4DE6AC138BB89600CF907D /* RootViewController.mm */,
			);
			name = ios;
			sourceTree = "<group>";
		};
		F2AAC58715C0DFF700952F4B /* Task */ = {
			isa = PBXGroup;
			children = (
				F2AAC58815C0DFF700952F4B /* TaskBasic.h */,
				F2AAC58915C0DFF700952F4B /* TaskDataManager.cpp */,
				F2AAC58A15C0DFF700952F4B /* TaskDataManager.h */,
				F2AAC58B15C0DFF700952F4B /* TaskModule.cpp */,
				F2AAC58C15C0DFF700952F4B /* TaskModule.h */,
			);
			path = Task;
			sourceTree = "<group>";
		};
/* End PBXGroup section */

/* Begin PBXHeadersBuildPhase section */
		1898E1F715B3F94700A274B3 /* Headers */ = {
			isa = PBXHeadersBuildPhase;
			buildActionMask = 2147483647;
			files = (
				187B98D815B3FA1000BAE5B3 /* CDAudioManager.h in Headers */,
				187B98DA15B3FA1000BAE5B3 /* CDConfig.h in Headers */,
				187B98DB15B3FA1000BAE5B3 /* CDOpenALSupport.h in Headers */,
				187B98DD15B3FA1000BAE5B3 /* CocosDenshion.h in Headers */,
				187B98E015B3FA1000BAE5B3 /* SimpleAudioEngine_objc.h in Headers */,
				187B98E515B3FA2600BAE5B3 /* Export.h in Headers */,
				187B98E615B3FA2600BAE5B3 /* SimpleAudioEngine.h in Headers */,
			);
			runOnlyForDeploymentPostprocessing = 0;
		};
/* End PBXHeadersBuildPhase section */

/* Begin PBXNativeTarget section */
		1898E1F815B3F94700A274B3 /* CocosDension */ = {
			isa = PBXNativeTarget;
			buildConfigurationList = 1898E20115B3F94700A274B3 /* Build configuration list for PBXNativeTarget "CocosDension" */;
			buildPhases = (
				1898E1F515B3F94700A274B3 /* Sources */,
				1898E1F615B3F94700A274B3 /* Frameworks */,
				1898E1F715B3F94700A274B3 /* Headers */,
			);
			buildRules = (
			);
			dependencies = (
			);
			name = CocosDension;
			productName = CocosDension;
			productReference = 1898E1F915B3F94700A274B3 /* libCocosDension.a */;
			productType = "com.apple.product-type.library.static";
		};
		1D6058900D05DD3D006BFB54 /* LuckyCat */ = {
			isa = PBXNativeTarget;
			buildConfigurationList = 1D6058960D05DD3E006BFB54 /* Build configuration list for PBXNativeTarget "LuckyCat" */;
			buildPhases = (
				1D60588D0D05DD3D006BFB54 /* Resources */,
				1D60588E0D05DD3D006BFB54 /* Sources */,
				1D60588F0D05DD3D006BFB54 /* Frameworks */,
			);
			buildRules = (
			);
			dependencies = (
				187B98E815B3FA5500BAE5B3 /* PBXTargetDependency */,
				1898E1D715B3F7DD00A274B3 /* PBXTargetDependency */,
			);
			name = LuckyCat;
			productName = HelloWorld;
			productReference = 1D6058910D05DD3D006BFB54 /* LuckyCat.app */;
			productType = "com.apple.product-type.application";
		};
/* End PBXNativeTarget section */

/* Begin PBXProject section */
		29B97313FDCFA39411CA2CEA /* Project object */ = {
			isa = PBXProject;
			attributes = {
				ORGANIZATIONNAME = "厦门雅基软件有限公司";
			};
			buildConfigurationList = C01FCF4E08A954540054247B /* Build configuration list for PBXProject "LuckyCat" */;
			compatibilityVersion = "Xcode 3.1";
			developmentRegion = English;
			hasScannedForEncodings = 1;
			knownRegions = (
				English,
				Japanese,
				French,
				German,
			);
			mainGroup = 29B97314FDCFA39411CA2CEA /* CustomTemplate */;
			projectDirPath = "";
			projectReferences = (
				{
					ProductGroup = 1898E1CE15B3F7D500A274B3 /* Products */;
					ProjectRef = 1898E1CD15B3F7D500A274B3 /* cocos2dx.xcodeproj */;
				},
			);
			projectRoot = "";
			targets = (
				1D6058900D05DD3D006BFB54 /* LuckyCat */,
				1898E1F815B3F94700A274B3 /* CocosDension */,
			);
		};
/* End PBXProject section */

/* Begin PBXReferenceProxy section */
		1898E1D515B3F7D500A274B3 /* libcocos2dx.a */ = {
			isa = PBXReferenceProxy;
			fileType = archive.ar;
			path = libcocos2dx.a;
			remoteRef = 1898E1D415B3F7D500A274B3 /* PBXContainerItemProxy */;
			sourceTree = BUILT_PRODUCTS_DIR;
		};
/* End PBXReferenceProxy section */

/* Begin PBXResourcesBuildPhase section */
		1D60588D0D05DD3D006BFB54 /* Resources */ = {
			isa = PBXResourcesBuildPhase;
			buildActionMask = 2147483647;
			files = (
				784521CE14EBA449009D533B /* CloseNormal.png in Resources */,
				784521CF14EBA449009D533B /* CloseSelected.png in Resources */,
				784521D214EBA449009D533B /* HelloWorld.png in Resources */,
				782F4619153FEDF0009FC2E5 /* Default.png in Resources */,
				782F461A153FEDF0009FC2E5 /* Icon.png in Resources */,
				15DD6D7A156DD120003E7567 /* fps_images.png in Resources */,
				15F990B5159C0DAF00848A44 /* fps_images-hd.png in Resources */,
				15F990B6159C0DAF00848A44 /* fps_images-ipadhd.png in Resources */,
				15AAE32A15B6894100F0CF5E /* json_internalarray.inl in Resources */,
				15AAE32B15B6894100F0CF5E /* json_internalmap.inl in Resources */,
				15AAE32E15B6894100F0CF5E /* json_valueiterator.inl in Resources */,
				15AAE33015B6894100F0CF5E /* sconscript in Resources */,
				15AAE33B15B68FF000F0CF5E /* config in Resources */,
				15EC317715B8036000EA9631 /* image in Resources */,
				1881485015D37A880058DE29 /* ccb in Resources */,
				18DA5EB715D9FCAC000B7831 /* pub in Resources */,
			);
			runOnlyForDeploymentPostprocessing = 0;
		};
/* End PBXResourcesBuildPhase section */

/* Begin PBXSourcesBuildPhase section */
		1898E1F515B3F94700A274B3 /* Sources */ = {
			isa = PBXSourcesBuildPhase;
			buildActionMask = 2147483647;
			files = (
				187B98D915B3FA1000BAE5B3 /* CDAudioManager.m in Sources */,
				187B98DC15B3FA1000BAE5B3 /* CDOpenALSupport.m in Sources */,
				187B98DE15B3FA1000BAE5B3 /* CocosDenshion.m in Sources */,
				187B98DF15B3FA1000BAE5B3 /* SimpleAudioEngine.mm in Sources */,
				187B98E115B3FA1000BAE5B3 /* SimpleAudioEngine_objc.m in Sources */,
			);
			runOnlyForDeploymentPostprocessing = 0;
		};
		1D60588E0D05DD3D006BFB54 /* Sources */ = {
			isa = PBXSourcesBuildPhase;
			buildActionMask = 2147483647;
			files = (
				BF365AA812A103F70050DCF4 /* AppController.mm in Sources */,
				BF4DE6AD138BB89600CF907D /* RootViewController.mm in Sources */,
				D4ABB4B313B4395300552E6E /* main.m in Sources */,
				BF23D4E7143315EB00657E08 /* AppDelegate.cpp in Sources */,
				15BEAF9115B65AB600D5940D /* LevelDataManager.cpp in Sources */,
				15AAE32C15B6894100F0CF5E /* json_reader.cpp in Sources */,
				15AAE32D15B6894100F0CF5E /* json_value.cpp in Sources */,
				15AAE32F15B6894100F0CF5E /* json_writer.cpp in Sources */,
				15AAE34D15B6A38300F0CF5E /* CoverScene.cpp in Sources */,
				15AAE35515B6B6DB00F0CF5E /* ChapterScene.cpp in Sources */,
				15AAE35915B6C1D200F0CF5E /* PageScene.cpp in Sources */,
				15EC314F15B7F46000EA9631 /* PageMapScene.cpp in Sources */,
				15EC315F15B7FE4000EA9631 /* CppSQLite3.cpp in Sources */,
				155CC53215B92C2E00CE449D /* DictDataManager.cpp in Sources */,
				150B347D15C244B10051DB06 /* LuckySprite.cpp in Sources */,
				F2AAC58D15C0DFF700952F4B /* TaskDataManager.cpp in Sources */,
				F2AAC58E15C0DFF700952F4B /* TaskModule.cpp in Sources */,
				187E0D4B15C679D500DB85F3 /* BattleResultView.cpp in Sources */,
				18CE8E9F15C7762600C48686 /* BasicFunction.cpp in Sources */,
				15D5107115CA14DC00FE43A8 /* PlayerInfoBar.cpp in Sources */,
				15D5107815CA3D4600FE43A8 /* PlayerInfoView.cpp in Sources */,
				1881484B15D36EBB0058DE29 /* GeneralBattleView.cpp in Sources */,
				1881484C15D36EBB0058DE29 /* NPCDialogView.cpp in Sources */,
				1881484D15D36EBB0058DE29 /* SpecialBattleView.cpp in Sources */,
				1881484E15D36EBB0058DE29 /* TaskListView.cpp in Sources */,
				15D0D34F15D363AF00F53819 /* NetManager.cpp in Sources */,
				188D088315D4BAC400AF970A /* OpenBoxView.cpp in Sources */,
			);
			runOnlyForDeploymentPostprocessing = 0;
		};
/* End PBXSourcesBuildPhase section */

/* Begin PBXTargetDependency section */
		187B98E815B3FA5500BAE5B3 /* PBXTargetDependency */ = {
			isa = PBXTargetDependency;
			target = 1898E1F815B3F94700A274B3 /* CocosDension */;
			targetProxy = 187B98E715B3FA5500BAE5B3 /* PBXContainerItemProxy */;
		};
		1898E1D715B3F7DD00A274B3 /* PBXTargetDependency */ = {
			isa = PBXTargetDependency;
			name = cocos2dx;
			targetProxy = 1898E1D615B3F7DD00A274B3 /* PBXContainerItemProxy */;
		};
/* End PBXTargetDependency section */

/* Begin XCBuildConfiguration section */
		1898E20215B3F94700A274B3 /* Debug */ = {
			isa = XCBuildConfiguration;
			buildSettings = {
				ALWAYS_SEARCH_USER_PATHS = NO;
				COPY_PHASE_STRIP = NO;
				DSTROOT = /tmp/CocosDension.dst;
				GCC_C_LANGUAGE_STANDARD = gnu99;
				GCC_DYNAMIC_NO_PIC = NO;
				GCC_OPTIMIZATION_LEVEL = 0;
				GCC_PRECOMPILE_PREFIX_HEADER = YES;
				GCC_PREFIX_HEADER = "CocosDension/CocosDension-Prefix.pch";
				GCC_PREPROCESSOR_DEFINITIONS = (
					"DEBUG=1",
					"$(inherited)",
				);
				GCC_SYMBOLS_PRIVATE_EXTERN = NO;
				GCC_VERSION = com.apple.compilers.llvm.clang.1_0;
				GCC_WARN_UNINITIALIZED_AUTOS = YES;
				OTHER_LDFLAGS = "-ObjC";
				PRODUCT_NAME = "$(TARGET_NAME)";
				SKIP_INSTALL = YES;
			};
			name = Debug;
		};
		1898E20315B3F94700A274B3 /* Release */ = {
			isa = XCBuildConfiguration;
			buildSettings = {
				ALWAYS_SEARCH_USER_PATHS = NO;
				COPY_PHASE_STRIP = YES;
				DSTROOT = /tmp/CocosDension.dst;
				GCC_C_LANGUAGE_STANDARD = gnu99;
				GCC_PRECOMPILE_PREFIX_HEADER = YES;
				GCC_PREFIX_HEADER = "CocosDension/CocosDension-Prefix.pch";
				GCC_VERSION = com.apple.compilers.llvm.clang.1_0;
				GCC_WARN_UNINITIALIZED_AUTOS = YES;
				OTHER_LDFLAGS = "-ObjC";
				PRODUCT_NAME = "$(TARGET_NAME)";
				SKIP_INSTALL = YES;
				VALIDATE_PRODUCT = YES;
			};
			name = Release;
		};
		1D6058940D05DD3E006BFB54 /* Debug */ = {
			isa = XCBuildConfiguration;
			buildSettings = {
				ALWAYS_SEARCH_USER_PATHS = NO;
				ARCHS = "$(ARCHS_STANDARD_32_BIT)";
				CODE_SIGN_IDENTITY = "";
				"CODE_SIGN_IDENTITY[sdk=iphoneos*]" = "iPhone Developer: Zhe Wang (P3QKHC24KY)";
				COPY_PHASE_STRIP = NO;
				GCC_DYNAMIC_NO_PIC = NO;
				GCC_INLINES_ARE_PRIVATE_EXTERN = NO;
				GCC_OPTIMIZATION_LEVEL = 0;
				GCC_PRECOMPILE_PREFIX_HEADER = YES;
				GCC_PREFIX_HEADER = LuckyCat_Prefix.pch;
				GCC_PREPROCESSOR_DEFINITIONS = (
					USE_FILE32API,
					TARGET_OS_IPHONE,
					"COCOS2D_DEBUG=1",
				);
				GCC_PREPROCESSOR_DEFINITIONS_NOT_USED_IN_PRECOMPS = "";
				GCC_SYMBOLS_PRIVATE_EXTERN = NO;
				GCC_VERSION = "";
				HEADER_SEARCH_PATHS = (
					"\"$(SDKROOT)/usr/include/libxml2/\"",
					"\"$(SRCROOT)/../libs/coocs2d-x/cocos2dx/include\"",
					"\"$(SRCROOT)/../libs/coocs2d-x/cocos2dx\"",
					"\"$(SRCROOT)/../libs/coocs2d-x/cocos2dx/platform/ios\"",
					"\"$(SRCROOT)/../libs/coocs2d-x/cocos2dx/kazmath/include\"",
					"\"$(SRCROOT)/../libs/cocos2d-x/Network\"",
					"\"$(SRCROOT)/../libs/cocos2d-x/CocosDenshion/include\"",
					"\"$(SRCROOT)/../libs/cocos2d-x/cocos2dx/platform/third_party/ios\"",
					"\"$(SRCROOT)/../libs/jsoncpp/include\"",
					"\"$(SRCROOT)/../libs/cppsqlite\"",
				);
				INFOPLIST_FILE = "LuckyCat-Info.plist";
				IPHONEOS_DEPLOYMENT_TARGET = 5.1;
				LIBRARY_SEARCH_PATHS = (
					"$(inherited)",
					"\"$(SRCROOT)/../libs/cocos2d-x/cocos2dx/platform/third_party/ios/libraries\"",
					"\"$(SRCROOT)/../libs/cocos2d-x/cocos2dx/platform/third_party/win32/libraries\"",
					"\"$(SRCROOT)/../libs/cocos2d-x/js/spidermonkey-ios/lib\"",
					"\"$(SRCROOT)/../libs/cocos2d-x/js/spidermonkey-win32/lib\"",
					"\"$(SRCROOT)/../libs/cppsqlite\"",
				);
				PRODUCT_NAME = LuckyCat;
				"PROVISIONING_PROFILE[sdk=iphoneos*]" = "E72B53EF-9902-484D-A105-D6309BEC4FB3";
				SDKROOT = iphoneos;
				TARGETED_DEVICE_FAMILY = 1;
				USER_HEADER_SEARCH_PATHS = "\"$(SDKROOT)/usr/include/libxml2/\" \"$(SRCROOT)/../libs/cocos2d-x/cocos2dx/include\" \"$(SRCROOT)/../libs/cocos2d-x/cocos2dx\" \"$(SRCROOT)/../libs/cocos2d-x/cocos2dx/platform/ios\" \"$(SRCROOT)/../libs/cocos2d-x/cocos2dx/kazmath/include\" \"$(SRCROOT)/../libs/cocos2d-x/CocosDenshion/include\" \"$(SRCROOT)/../libs/cocos2d-x/Network\" \"$(SRCROOT)/../libs/cocos2d-x/cocos2dx/platform/third_party/ios\"";
				VALID_ARCHS = "armv6 armv7";
			};
			name = Debug;
		};
		1D6058950D05DD3E006BFB54 /* Release */ = {
			isa = XCBuildConfiguration;
			buildSettings = {
				ALWAYS_SEARCH_USER_PATHS = NO;
				ARCHS = "$(ARCHS_STANDARD_32_BIT)";
				CODE_SIGN_IDENTITY = "";
				"CODE_SIGN_IDENTITY[sdk=iphoneos*]" = "iPhone Developer: Zhe Wang (P3QKHC24KY)";
				COPY_PHASE_STRIP = YES;
				GCC_INLINES_ARE_PRIVATE_EXTERN = NO;
				GCC_PRECOMPILE_PREFIX_HEADER = YES;
				GCC_PREFIX_HEADER = LuckyCat_Prefix.pch;
				GCC_PREPROCESSOR_DEFINITIONS = (
					USE_FILE32API,
					TARGET_OS_IPHONE,
				);
				GCC_PREPROCESSOR_DEFINITIONS_NOT_USED_IN_PRECOMPS = "";
				GCC_SYMBOLS_PRIVATE_EXTERN = NO;
				GCC_VERSION = "";
				HEADER_SEARCH_PATHS = (
					"\"$(SDKROOT)/usr/include/libxml2/\"",
					"\"$(SRCROOT)/../libs/coocs2d-x/cocos2dx/include\"",
					"\"$(SRCROOT)/../libs/coocs2d-x/cocos2dx\"",
					"\"$(SRCROOT)/../libs/coocs2d-x/cocos2dx/platform/ios\"",
					"\"$(SRCROOT)/../libs/coocs2d-x/cocos2dx/kazmath/include\"",
					"\"$(SRCROOT)/../libs/cocos2d-x/Network\"",
					"\"$(SRCROOT)/../libs/cocos2d-x/CocosDenshion/include\"",
					"\"$(SRCROOT)/../libs/cocos2d-x/cocos2dx/platform/third_party/ios\"",
					"\"$(SRCROOT)/../libs/jsoncpp/include\"",
					"\"$(SRCROOT)/../libs/cppsqlite\"",
				);
				INFOPLIST_FILE = "LuckyCat-Info.plist";
				IPHONEOS_DEPLOYMENT_TARGET = 5.1;
				LIBRARY_SEARCH_PATHS = (
					"$(inherited)",
					"\"$(SRCROOT)/../libs/cocos2d-x/cocos2dx/platform/third_party/ios/libraries\"",
					"\"$(SRCROOT)/../libs/cocos2d-x/cocos2dx/platform/third_party/win32/libraries\"",
					"\"$(SRCROOT)/../libs/cocos2d-x/js/spidermonkey-ios/lib\"",
					"\"$(SRCROOT)/../libs/cocos2d-x/js/spidermonkey-win32/lib\"",
					"\"$(SRCROOT)/../libs/cppsqlite\"",
				);
				PRODUCT_NAME = LuckyCat;
				"PROVISIONING_PROFILE[sdk=iphoneos*]" = "E72B53EF-9902-484D-A105-D6309BEC4FB3";
				SDKROOT = iphoneos;
				TARGETED_DEVICE_FAMILY = 1;
				USER_HEADER_SEARCH_PATHS = "\"$(SDKROOT)/usr/include/libxml2/\" \"$(SRCROOT)/../libs/cocos2d-x/cocos2dx/include\" \"$(SRCROOT)/../libs/cocos2d-x/cocos2dx\" \"$(SRCROOT)/../libs/cocos2d-x/cocos2dx/platform/ios\" \"$(SRCROOT)/../libs/cocos2d-x/cocos2dx/kazmath/include\" \"$(SRCROOT)/../libs/cocos2d-x/CocosDenshion/include\" \"$(SRCROOT)/../libs/cocos2d-x/Network\" \"$(SRCROOT)/../libs/cocos2d-x/cocos2dx/platform/third_party/ios\"";
				VALIDATE_PRODUCT = YES;
				VALID_ARCHS = "armv6 armv7";
			};
			name = Release;
		};
		C01FCF4F08A954540054247B /* Debug */ = {
			isa = XCBuildConfiguration;
			buildSettings = {
				ARCHS = "$(ARCHS_STANDARD_32_BIT)";
				"CODE_SIGN_IDENTITY[sdk=iphoneos*]" = "iPhone Developer";
				GCC_C_LANGUAGE_STANDARD = c99;
				GCC_VERSION = "";
				GCC_WARN_ABOUT_RETURN_TYPE = YES;
				GCC_WARN_UNUSED_VARIABLE = YES;
				IPHONEOS_DEPLOYMENT_TARGET = 5.1;
				PREBINDING = NO;
				SDKROOT = iphoneos;
				VALID_ARCHS = "armv6 armv7";
			};
			name = Debug;
		};
		C01FCF5008A954540054247B /* Release */ = {
			isa = XCBuildConfiguration;
			buildSettings = {
				ARCHS = "$(ARCHS_STANDARD_32_BIT)";
				"CODE_SIGN_IDENTITY[sdk=iphoneos*]" = "iPhone Developer";
				GCC_C_LANGUAGE_STANDARD = c99;
				GCC_VERSION = "";
				GCC_WARN_ABOUT_RETURN_TYPE = YES;
				GCC_WARN_UNUSED_VARIABLE = YES;
				IPHONEOS_DEPLOYMENT_TARGET = 5.1;
				OTHER_CFLAGS = "-DNS_BLOCK_ASSERTIONS=1";
				PREBINDING = NO;
				SDKROOT = iphoneos;
				VALID_ARCHS = "armv6 armv7";
			};
			name = Release;
		};
/* End XCBuildConfiguration section */

/* Begin XCConfigurationList section */
		1898E20115B3F94700A274B3 /* Build configuration list for PBXNativeTarget "CocosDension" */ = {
			isa = XCConfigurationList;
			buildConfigurations = (
				1898E20215B3F94700A274B3 /* Debug */,
				1898E20315B3F94700A274B3 /* Release */,
			);
			defaultConfigurationIsVisible = 0;
			defaultConfigurationName = Release;
		};
		1D6058960D05DD3E006BFB54 /* Build configuration list for PBXNativeTarget "LuckyCat" */ = {
			isa = XCConfigurationList;
			buildConfigurations = (
				1D6058940D05DD3E006BFB54 /* Debug */,
				1D6058950D05DD3E006BFB54 /* Release */,
			);
			defaultConfigurationIsVisible = 0;
			defaultConfigurationName = Release;
		};
		C01FCF4E08A954540054247B /* Build configuration list for PBXProject "LuckyCat" */ = {
			isa = XCConfigurationList;
			buildConfigurations = (
				C01FCF4F08A954540054247B /* Debug */,
				C01FCF5008A954540054247B /* Release */,
			);
			defaultConfigurationIsVisible = 0;
			defaultConfigurationName = Release;
		};
/* End XCConfigurationList section */
	};
	rootObject = 29B97313FDCFA39411CA2CEA /* Project object */;
}
