<?xml version="1.0" encoding="utf-8"?>
<Project ToolsVersion="4.0" xmlns="http://schemas.microsoft.com/developer/msbuild/2003">
  <ItemGroup>
    <Filter Include="source">
      <UniqueIdentifier>{6148d2fb-a40b-4e55-a6a3-caefd2e05cc6}</UniqueIdentifier>
      <Extensions>cpp;c;cxx;def;odl;idl;hpj;bat;asm</Extensions>
    </Filter>
    <Filter Include="include">
      <UniqueIdentifier>{70c1dd70-9bf1-429c-908d-d4930412a6db}</UniqueIdentifier>
      <Extensions>h;hpp;hxx;hm;inl;inc</Extensions>
    </Filter>
    <Filter Include="resource">
      <UniqueIdentifier>{c9bbab6c-9087-483c-bcb4-bcc80ae2662c}</UniqueIdentifier>
      <Extensions>rc;ico;cur;bmp;dlg;rc2;rct;bin;rgs;jpg;jpeg;jpe;png;manifest</Extensions>
    </Filter>
    <Filter Include="source\Main">
      <UniqueIdentifier>{c9721fbb-2a43-45fe-a40e-01c384fc8eef}</UniqueIdentifier>
    </Filter>
    <Filter Include="source\Chapter">
      <UniqueIdentifier>{081243f8-7647-4017-82d8-e4b9875696c6}</UniqueIdentifier>
    </Filter>
    <Filter Include="source\Page">
      <UniqueIdentifier>{49a4d97f-1662-4679-a71d-7030cc5874fc}</UniqueIdentifier>
    </Filter>
    <Filter Include="source\Basic">
      <UniqueIdentifier>{8b387379-aa99-4acd-889e-e98065d6120b}</UniqueIdentifier>
    </Filter>
    <Filter Include="source\third-party">
      <UniqueIdentifier>{f9e52e16-ba5e-48d0-b908-267969c9dcc7}</UniqueIdentifier>
    </Filter>
    <Filter Include="source\third-party\jsoncpp">
      <UniqueIdentifier>{af6b7c48-e1cc-44d4-a218-d9b6dab5ee70}</UniqueIdentifier>
    </Filter>
    <Filter Include="source\third-party\cppsqlite">
      <UniqueIdentifier>{6c1d6c42-6b4a-4ecd-9593-701791b1dcf5}</UniqueIdentifier>
    </Filter>
    <Filter Include="source\Battle">
      <UniqueIdentifier>{9c87d537-9e68-4e8b-814a-ed20320217ee}</UniqueIdentifier>
    </Filter>
    <Filter Include="source\Task">
      <UniqueIdentifier>{02880fae-d748-49c1-97a1-ef0305c30f64}</UniqueIdentifier>
    </Filter>
    <Filter Include="source\PlayerInfo">
      <UniqueIdentifier>{cacdc6a6-2e14-477d-9159-a2bcb7a593b3}</UniqueIdentifier>
    </Filter>
  </ItemGroup>
  <ItemGroup>
    <None Include="res\LuckyCat.ico">
      <Filter>resource</Filter>
    </None>
    <None Include="..\Resources\CloseSelected.png">
      <Filter>resource</Filter>
    </None>
    <None Include="..\Resources\CloseNormal.png">
      <Filter>resource</Filter>
    </None>
    <None Include="..\Resources\HelloWorld.png">
      <Filter>resource</Filter>
    </None>
    <None Include="..\Resources\fps_images.png">
      <Filter>resource</Filter>
    </None>
    <None Include="..\Resources\fps_images-hd.png">
      <Filter>resource</Filter>
    </None>
    <None Include="..\Resources\fps_images-ipadhd.png">
      <Filter>resource</Filter>
    </None>
    <None Include="..\libs\jsoncpp\src\lib_json\sconscript">
      <Filter>source\third-party\jsoncpp</Filter>
    </None>
    <None Include="..\libs\jsoncpp\src\lib_json\json_internalarray.inl">
      <Filter>source\third-party\jsoncpp</Filter>
    </None>
    <None Include="..\libs\jsoncpp\src\lib_json\json_internalmap.inl">
      <Filter>source\third-party\jsoncpp</Filter>
    </None>
    <None Include="..\libs\jsoncpp\src\lib_json\json_valueiterator.inl">
      <Filter>source\third-party\jsoncpp</Filter>
    </None>
  </ItemGroup>
  <ItemGroup>
    <ResourceCompile Include="LuckyCat.rc">
      <Filter>resource</Filter>
    </ResourceCompile>
  </ItemGroup>
  <ItemGroup>
    <ClInclude Include="resource.h">
      <Filter>include</Filter>
    </ClInclude>
    <ClInclude Include="main.h">
      <Filter>include</Filter>
    </ClInclude>
    <ClInclude Include="..\Classes\AppDelegate.h">
      <Filter>include</Filter>
    </ClInclude>
    <ClInclude Include="..\libs\jsoncpp\src\lib_json\json_batchallocator.h">
      <Filter>source\third-party\jsoncpp</Filter>
    </ClInclude>
    <ClInclude Include="..\Classes\Main\CoverScene.h">
      <Filter>source\Main</Filter>
    </ClInclude>
    <ClInclude Include="..\Classes\Chapter\ChapterScene.h">
      <Filter>source\Chapter</Filter>
    </ClInclude>
    <ClInclude Include="..\Classes\Page\PageScene.h">
      <Filter>source\Page</Filter>
    </ClInclude>
    <ClInclude Include="..\Classes\Basic\Basic.h">
      <Filter>source\Basic</Filter>
    </ClInclude>
    <ClInclude Include="..\Classes\Basic\LevelDataManager.h">
      <Filter>source\Basic</Filter>
    </ClInclude>
    <ClInclude Include="..\Classes\Basic\DictDataManager.h">
      <Filter>source\Basic</Filter>
    </ClInclude>
    <ClInclude Include="..\Classes\Battle\BattleDefine.h">
      <Filter>source\Battle</Filter>
    </ClInclude>
    <ClInclude Include="..\Classes\Battle\BossBattleView.h">
      <Filter>source\Battle</Filter>
    </ClInclude>
    <ClInclude Include="..\Classes\Battle\MonsterBattleView.h">
      <Filter>source\Battle</Filter>
    </ClInclude>
    <ClInclude Include="..\Classes\Page\PageMapScene.h">
      <Filter>source\Page</Filter>
    </ClInclude>
    <ClInclude Include="..\Classes\Task\TaskBasic.h">
      <Filter>source\Task</Filter>
    </ClInclude>
    <ClInclude Include="..\Classes\Task\TaskDataManager.h">
      <Filter>source\Task</Filter>
    </ClInclude>
    <ClInclude Include="..\Classes\Task\TaskModule.h">
      <Filter>source\Task</Filter>
    </ClInclude>
    <ClInclude Include="..\Classes\Basic\LuckySprite.h">
      <Filter>source\Basic</Filter>
    </ClInclude>
    <ClInclude Include="..\Classes\PlayerInfo\PlayerInfoBar.h">
      <Filter>source\PlayerInfo</Filter>
    </ClInclude>
    <ClInclude Include="..\Classes\Battle\BattleResultView.h">
      <Filter>source\Battle</Filter>
    </ClInclude>
    <ClInclude Include="..\Classes\Battle\NpcTalkView.h">
      <Filter>source\Battle</Filter>
    </ClInclude>
    <ClInclude Include="..\Classes\Basic\BasicFunction.h">
      <Filter>source\Basic</Filter>
    </ClInclude>
  </ItemGroup>
  <ItemGroup>
    <ClCompile Include="main.cpp">
      <Filter>source</Filter>
    </ClCompile>
    <ClCompile Include="..\Classes\AppDelegate.cpp">
      <Filter>source</Filter>
    </ClCompile>
    <ClCompile Include="..\libs\cppsqlite\CppSQLite3.cpp">
      <Filter>source\third-party\cppsqlite</Filter>
    </ClCompile>
    <ClCompile Include="..\libs\jsoncpp\src\lib_json\json_reader.cpp">
      <Filter>source\third-party\jsoncpp</Filter>
    </ClCompile>
    <ClCompile Include="..\libs\jsoncpp\src\lib_json\json_value.cpp">
      <Filter>source\third-party\jsoncpp</Filter>
    </ClCompile>
    <ClCompile Include="..\libs\jsoncpp\src\lib_json\json_writer.cpp">
      <Filter>source\third-party\jsoncpp</Filter>
    </ClCompile>
    <ClCompile Include="..\Classes\Main\CoverScene.cpp">
      <Filter>source\Main</Filter>
    </ClCompile>
    <ClCompile Include="..\Classes\Chapter\ChapterScene.cpp">
      <Filter>source\Chapter</Filter>
    </ClCompile>
    <ClCompile Include="..\Classes\Page\PageScene.cpp">
      <Filter>source\Page</Filter>
    </ClCompile>
    <ClCompile Include="..\Classes\Basic\LevelDataManager.cpp">
      <Filter>source\Basic</Filter>
    </ClCompile>
    <ClCompile Include="..\Classes\Basic\DictDataManager.cpp">
      <Filter>source\Basic</Filter>
    </ClCompile>
    <ClCompile Include="..\Classes\Battle\BossBattleView.cpp">
      <Filter>source\Battle</Filter>
    </ClCompile>
    <ClCompile Include="..\Classes\Battle\MonsterBattleView.cpp">
      <Filter>source\Battle</Filter>
    </ClCompile>
    <ClCompile Include="..\Classes\Page\PageMapScene.cpp">
      <Filter>source\Page</Filter>
    </ClCompile>
    <ClCompile Include="..\Classes\Task\TaskDataManager.cpp">
      <Filter>source\Task</Filter>
    </ClCompile>
    <ClCompile Include="..\Classes\Task\TaskModule.cpp">
      <Filter>source\Task</Filter>
    </ClCompile>
    <ClCompile Include="..\Classes\Basic\LuckySprite.cpp">
      <Filter>source\Basic</Filter>
    </ClCompile>
    <ClCompile Include="..\Classes\PlayerInfo\PlayerInfoBar.cpp">
      <Filter>source\PlayerInfo</Filter>
    </ClCompile>
    <ClCompile Include="..\Classes\Battle\BattleResultView.cpp">
      <Filter>source\Battle</Filter>
    </ClCompile>
    <ClCompile Include="..\Classes\Battle\NpcTalkView.cpp">
      <Filter>source\Battle</Filter>
    </ClCompile>
    <ClCompile Include="..\Classes\Basic\BasicFunction.cpp">
      <Filter>source\Basic</Filter>
    </ClCompile>
  </ItemGroup>
</Project>